
Microsoft Visual Studio Solution File, Format Version 12.00
# Visual Studio Version 16
VisualStudioVersion = 16.0.29926.136
MinimumVisualStudioVersion = 10.0.40219.1
Project("{FAE04EC0-301F-11D3-BF4B-00C04F79EFBC}") = "Altium.Generator", "Altium.Generator\Altium.Generator.csproj", "{E6116D15-9DDF-4A0A-AACF-C95B406AF380}"
EndProject
Project("{FAE04EC0-301F-11D3-BF4B-00C04F79EFBC}") = "Altium.Sorter", "Altium.Sorter\Altium.Sorter.csproj", "{13B777B7-5751-4DCD-9DA8-64FE43936057}"
EndProject
Project("{FAE04EC0-301F-11D3-BF4B-00C04F79EFBC}") = "Altium.Tests", "Altium.Tests\Altium.Tests.csproj", "{5B4D3FE2-D2B6-4641-AADA-36E88F48CAC1}"
EndProject
Project("{2150E333-8FDC-42A3-9474-1A3956D46DE8}") = "Solution Items", "Solution Items", "{74C44136-B018-4E3C-8045-5F3F4B20D04F}"
	ProjectSection(SolutionItems) = preProject
		doc\TestAssignment.pdf = doc\TestAssignment.pdf
	EndProjectSection
EndProject
Global
	GlobalSection(SolutionConfigurationPlatforms) = preSolution
		Debug|Any CPU = Debug|Any CPU
		Release|Any CPU = Release|Any CPU
	EndGlobalSection
	GlobalSection(ProjectConfigurationPlatforms) = postSolution
		{E6116D15-9DDF-4A0A-AACF-C95B406AF380}.Debug|Any CPU.ActiveCfg = Debug|Any CPU
		{E6116D15-9DDF-4A0A-AACF-C95B406AF380}.Debug|Any CPU.Build.0 = Debug|Any CPU
		{E6116D15-9DDF-4A0A-AACF-C95B406AF380}.Release|Any CPU.ActiveCfg = Release|Any CPU
		{E6116D15-9DDF-4A0A-AACF-C95B406AF380}.Release|Any CPU.Build.0 = Release|Any CPU
		{13B777B7-5751-4DCD-9DA8-64FE43936057}.Debug|Any CPU.ActiveCfg = Debug|Any CPU
		{13B777B7-5751-4DCD-9DA8-64FE43936057}.Debug|Any CPU.Build.0 = Debug|Any CPU
		{13B777B7-5751-4DCD-9DA8-64FE43936057}.Release|Any CPU.ActiveCfg = Release|Any CPU
		{13B777B7-5751-4DCD-9DA8-64FE43936057}.Release|Any CPU.Build.0 = Release|Any CPU
		{5B4D3FE2-D2B6-4641-AADA-36E88F48CAC1}.Debug|Any CPU.ActiveCfg = Debug|Any CPU
		{5B4D3FE2-D2B6-4641-AADA-36E88F48CAC1}.Debug|Any CPU.Build.0 = Debug|Any CPU
		{5B4D3FE2-D2B6-4641-AADA-36E88F48CAC1}.Release|Any CPU.ActiveCfg = Release|Any CPU
		{5B4D3FE2-D2B6-4641-AADA-36E88F48CAC1}.Release|Any CPU.Build.0 = Release|Any CPU
	EndGlobalSection
	GlobalSection(SolutionProperties) = preSolution
		HideSolutionNode = FALSE
	EndGlobalSection
	GlobalSection(ExtensibilityGlobals) = postSolution
		SolutionGuid = {372339B9-F312-4A88-882B-9BE33D024C93}
	EndGlobalSection
EndGlobal
